
Microsoft Visual Studio Solution File, Format Version 12.00
# Visual Studio Version 16
VisualStudioVersion = 16.0.29509.3
MinimumVisualStudioVersion = 10.0.40219.1
Project("{9A19103F-16F7-4668-BE54-9A1E7A4F7556}") = "BulkWriter", "src\BulkWriter\BulkWriter.csproj", "{A232D2EA-6E54-4941-9496-4DB98122B14C}"
EndProject
Project("{9A19103F-16F7-4668-BE54-9A1E7A4F7556}") = "BulkWriter.Demo", "src\BulkWriter.Demo\BulkWriter.Demo.csproj", "{09FA9E48-9696-4E1E-A1DB-B4D8ACE96B18}"
EndProject
Project("{9A19103F-16F7-4668-BE54-9A1E7A4F7556}") = "BulkWriter.Tests", "src\BulkWriter.Tests\BulkWriter.Tests.csproj", "{6DAD0F01-655C-49BF-924F-01C8ED7CA62C}"
EndProject
Project("{2150E333-8FDC-42A3-9474-1A3956D46DE8}") = "Build", "Build", "{432DE5FB-310C-432E-8ADE-ED6FCBD45C18}"
	ProjectSection(SolutionItems) = preProject
		azure-pipelines.yml = azure-pipelines.yml
		GitVersion.yml = GitVersion.yml
		psake-build-helpers.ps1 = psake-build-helpers.ps1
		psake.cmd = psake.cmd
		psakefile.ps1 = psakefile.ps1
		setup.ps1 = setup.ps1
	EndProjectSection
EndProject
Project("{9A19103F-16F7-4668-BE54-9A1E7A4F7556}") = "BulkWriter.Benchmark", "src\BulkWriter.Benchmark\BulkWriter.Benchmark.csproj", "{C39F623C-7958-427E-B5E3-2CE704A69B85}"
EndProject
Project("{2150E333-8FDC-42A3-9474-1A3956D46DE8}") = "Solution Items", "Solution Items", "{95C9E859-9C1F-44C1-B38A-7383439785A0}"
	ProjectSection(SolutionItems) = preProject
		.editorconfig = .editorconfig
	EndProjectSection
EndProject
Global
	GlobalSection(SolutionConfigurationPlatforms) = preSolution
		Debug|Any CPU = Debug|Any CPU
		Release|Any CPU = Release|Any CPU
	EndGlobalSection
	GlobalSection(ProjectConfigurationPlatforms) = postSolution
		{A232D2EA-6E54-4941-9496-4DB98122B14C}.Debug|Any CPU.ActiveCfg = Debug|Any CPU
		{A232D2EA-6E54-4941-9496-4DB98122B14C}.Debug|Any CPU.Build.0 = Debug|Any CPU
		{A232D2EA-6E54-4941-9496-4DB98122B14C}.Release|Any CPU.ActiveCfg = Release|Any CPU
		{A232D2EA-6E54-4941-9496-4DB98122B14C}.Release|Any CPU.Build.0 = Release|Any CPU
		{09FA9E48-9696-4E1E-A1DB-B4D8ACE96B18}.Debug|Any CPU.ActiveCfg = Debug|Any CPU
		{09FA9E48-9696-4E1E-A1DB-B4D8ACE96B18}.Debug|Any CPU.Build.0 = Debug|Any CPU
		{09FA9E48-9696-4E1E-A1DB-B4D8ACE96B18}.Release|Any CPU.ActiveCfg = Release|Any CPU
		{09FA9E48-9696-4E1E-A1DB-B4D8ACE96B18}.Release|Any CPU.Build.0 = Release|Any CPU
		{6DAD0F01-655C-49BF-924F-01C8ED7CA62C}.Debug|Any CPU.ActiveCfg = Debug|Any CPU
		{6DAD0F01-655C-49BF-924F-01C8ED7CA62C}.Debug|Any CPU.Build.0 = Debug|Any CPU
		{6DAD0F01-655C-49BF-924F-01C8ED7CA62C}.Release|Any CPU.ActiveCfg = Release|Any CPU
		{6DAD0F01-655C-49BF-924F-01C8ED7CA62C}.Release|Any CPU.Build.0 = Release|Any CPU
		{C39F623C-7958-427E-B5E3-2CE704A69B85}.Debug|Any CPU.ActiveCfg = Debug|Any CPU
		{C39F623C-7958-427E-B5E3-2CE704A69B85}.Debug|Any CPU.Build.0 = Debug|Any CPU
		{C39F623C-7958-427E-B5E3-2CE704A69B85}.Release|Any CPU.ActiveCfg = Release|Any CPU
		{C39F623C-7958-427E-B5E3-2CE704A69B85}.Release|Any CPU.Build.0 = Release|Any CPU
	EndGlobalSection
	GlobalSection(SolutionProperties) = preSolution
		HideSolutionNode = FALSE
	EndGlobalSection
	GlobalSection(ExtensibilityGlobals) = postSolution
		SolutionGuid = {ED2FB9A8-E280-4ABA-9DC3-E19A8F9F669A}
	EndGlobalSection
EndGlobal
